
Microsoft Visual Studio Solution File, Format Version 12.00
# Visual Studio 15
VisualStudioVersion = 15.0.27130.2027
MinimumVisualStudioVersion = 10.0.40219.1
Project("{FAE04EC0-301F-11D3-BF4B-00C04F79EFBC}") = "XboxKeyboardMouse", "XboxKeyboardMouse\XboxKeyboardMouse.csproj", "{B2A0A59D-BF2A-4AD1-81D9-430FA9AD154D}"
EndProject
Project("{FAE04EC0-301F-11D3-BF4B-00C04F79EFBC}") = "MaterialSkin", "3rdParty\MaterialSkin\MaterialSkin\MaterialSkin.csproj", "{8EB7611B-68CD-4B8B-987A-11717E2B250C}"
EndProject
Global
	GlobalSection(SolutionConfigurationPlatforms) = preSolution
		Debug|Any CPU = Debug|Any CPU
		Release|Any CPU = Release|Any CPU
	EndGlobalSection
	GlobalSection(ProjectConfigurationPlatforms) = postSolution
		{B2A0A59D-BF2A-4AD1-81D9-430FA9AD154D}.Debug|Any CPU.ActiveCfg = Debug|Any CPU
		{B2A0A59D-BF2A-4AD1-81D9-430FA9AD154D}.Debug|Any CPU.Build.0 = Debug|Any CPU
		{B2A0A59D-BF2A-4AD1-81D9-430FA9AD154D}.Release|Any CPU.ActiveCfg = Release|Any CPU
		{B2A0A59D-BF2A-4AD1-81D9-430FA9AD154D}.Release|Any CPU.Build.0 = Release|Any CPU
		{8EB7611B-68CD-4B8B-987A-11717E2B250C}.Debug|Any CPU.ActiveCfg = Debug|Any CPU
		{8EB7611B-68CD-4B8B-987A-11717E2B250C}.Debug|Any CPU.Build.0 = Debug|Any CPU
		{8EB7611B-68CD-4B8B-987A-11717E2B250C}.Release|Any CPU.ActiveCfg = Release|Any CPU
		{8EB7611B-68CD-4B8B-987A-11717E2B250C}.Release|Any CPU.Build.0 = Release|Any CPU
	EndGlobalSection
	GlobalSection(SolutionProperties) = preSolution
		HideSolutionNode = FALSE
	EndGlobalSection
	GlobalSection(ExtensibilityGlobals) = postSolution
		SolutionGuid = {3173C18D-FCEF-4106-9D6F-B5DD00F48391}
	EndGlobalSection
EndGlobal
